{
  "pins" : [
    {
      "identity" : "dittoswiftpackage",
      "kind" : "remoteSourceControl",
      "location" : "https://github.com/getditto/DittoSwiftPackage",
      "state" : {
        "revision" : "9304791eb54dc84913b76cdaf512cf267f5391f2",
        "version" : "3.0.5"
      }
    }
  ],
  "version" : 2
}
