// !$*UTF8*$!
{
	archiveVersion = 1;
	classes = {
	};
	objectVersion = 56;
	objects = {

/* Begin PBXBuildFile section */
		CC4C681029BA08420004B482 /* AppDelegate.swift in Sources */ = {isa = PBXBuildFile; fileRef = CC4C680F29BA08420004B482 /* AppDelegate.swift */; };
		CC4C681229BA08420004B482 /* SceneDelegate.swift in Sources */ = {isa = PBXBuildFile; fileRef = CC4C681129BA08420004B482 /* SceneDelegate.swift */; };
		CC4C681429BA08420004B482 /* ViewController.swift in Sources */ = {isa = PBXBuildFile; fileRef = CC4C681329BA08420004B482 /* ViewController.swift */; };
		CC4C681729BA08420004B482 /* Main.storyboard in Resources */ = {isa = PBXBuildFile; fileRef = CC4C681529BA08420004B482 /* Main.storyboard */; };
		CC4C681929BA08430004B482 /* Assets.xcassets in Resources */ = {isa = PBXBuildFile; fileRef = CC4C681829BA08430004B482 /* Assets.xcassets */; };
		CC4C681C29BA08430004B482 /* LaunchScreen.storyboard in Resources */ = {isa = PBXBuildFile; fileRef = CC4C681A29BA08430004B482 /* LaunchScreen.storyboard */; };
		CCBEB31829C00BEF008BFF77 /* ImageDisplayViewController.swift in Sources */ = {isa = PBXBuildFile; fileRef = CCBEB31729C00BEF008BFF77 /* ImageDisplayViewController.swift */; };
		CCCC99E929BA0906007BCF05 /* DittoObjC in Frameworks */ = {isa = PBXBuildFile; productRef = CCCC99E829BA0906007BCF05 /* DittoObjC */; };
		CCCC99EB29BA0906007BCF05 /* DittoSwift in Frameworks */ = {isa = PBXBuildFile; productRef = CCCC99EA29BA0906007BCF05 /* DittoSwift */; };
		CCCC99ED29BA0A75007BCF05 /* DittoManager.swift in Sources */ = {isa = PBXBuildFile; fileRef = CCCC99EC29BA0A75007BCF05 /* DittoManager.swift */; };
/* End PBXBuildFile section */

/* Begin PBXFileReference section */
		CC4C680C29BA08420004B482 /* AttachmentExampleUIKit.app */ = {isa = PBXFileReference; explicitFileType = wrapper.application; includeInIndex = 0; path = AttachmentExampleUIKit.app; sourceTree = BUILT_PRODUCTS_DIR; };
		CC4C680F29BA08420004B482 /* AppDelegate.swift */ = {isa = PBXFileReference; lastKnownFileType = sourcecode.swift; path = AppDelegate.swift; sourceTree = "<group>"; };
		CC4C681129BA08420004B482 /* SceneDelegate.swift */ = {isa = PBXFileReference; lastKnownFileType = sourcecode.swift; path = SceneDelegate.swift; sourceTree = "<group>"; };
		CC4C681329BA08420004B482 /* ViewController.swift */ = {isa = PBXFileReference; lastKnownFileType = sourcecode.swift; path = ViewController.swift; sourceTree = "<group>"; };
		CC4C681629BA08420004B482 /* Base */ = {isa = PBXFileReference; lastKnownFileType = file.storyboard; name = Base; path = Base.lproj/Main.storyboard; sourceTree = "<group>"; };
		CC4C681829BA08430004B482 /* Assets.xcassets */ = {isa = PBXFileReference; lastKnownFileType = folder.assetcatalog; path = Assets.xcassets; sourceTree = "<group>"; };
		CC4C681B29BA08430004B482 /* Base */ = {isa = PBXFileReference; lastKnownFileType = file.storyboard; name = Base; path = Base.lproj/LaunchScreen.storyboard; sourceTree = "<group>"; };
		CC4C681D29BA08430004B482 /* Info.plist */ = {isa = PBXFileReference; lastKnownFileType = text.plist.xml; path = Info.plist; sourceTree = "<group>"; };
		CCBEB31729C00BEF008BFF77 /* ImageDisplayViewController.swift */ = {isa = PBXFileReference; lastKnownFileType = sourcecode.swift; path = ImageDisplayViewController.swift; sourceTree = "<group>"; };
		CCCC99EC29BA0A75007BCF05 /* DittoManager.swift */ = {isa = PBXFileReference; lastKnownFileType = sourcecode.swift; path = DittoManager.swift; sourceTree = "<group>"; };
/* End PBXFileReference section */

/* Begin PBXFrameworksBuildPhase section */
		CC4C680929BA08420004B482 /* Frameworks */ = {
			isa = PBXFrameworksBuildPhase;
			buildActionMask = 2147483647;
			files = (
				CCCC99E929BA0906007BCF05 /* DittoObjC in Frameworks */,
				CCCC99EB29BA0906007BCF05 /* DittoSwift in Frameworks */,
			);
			runOnlyForDeploymentPostprocessing = 0;
		};
/* End PBXFrameworksBuildPhase section */

/* Begin PBXGroup section */
		CC4C680329BA08420004B482 = {
			isa = PBXGroup;
			children = (
				CC4C680E29BA08420004B482 /* AttachmentExampleUIKit */,
				CC4C680D29BA08420004B482 /* Products */,
			);
			sourceTree = "<group>";
		};
		CC4C680D29BA08420004B482 /* Products */ = {
			isa = PBXGroup;
			children = (
				CC4C680C29BA08420004B482 /* AttachmentExampleUIKit.app */,
			);
			name = Products;
			sourceTree = "<group>";
		};
		CC4C680E29BA08420004B482 /* AttachmentExampleUIKit */ = {
			isa = PBXGroup;
			children = (
				CC4C680F29BA08420004B482 /* AppDelegate.swift */,
				CC4C681129BA08420004B482 /* SceneDelegate.swift */,
				CC4C681329BA08420004B482 /* ViewController.swift */,
				CCBEB31729C00BEF008BFF77 /* ImageDisplayViewController.swift */,
				CCCC99EC29BA0A75007BCF05 /* DittoManager.swift */,
				CC4C681529BA08420004B482 /* Main.storyboard */,
				CC4C681829BA08430004B482 /* Assets.xcassets */,
				CC4C681A29BA08430004B482 /* LaunchScreen.storyboard */,
				CC4C681D29BA08430004B482 /* Info.plist */,
			);
			path = AttachmentExampleUIKit;
			sourceTree = "<group>";
		};
/* End PBXGroup section */

/* Begin PBXNativeTarget section */
		CC4C680B29BA08420004B482 /* AttachmentExampleUIKit */ = {
			isa = PBXNativeTarget;
			buildConfigurationList = CC4C682029BA08430004B482 /* Build configuration list for PBXNativeTarget "AttachmentExampleUIKit" */;
			buildPhases = (
				CC4C680829BA08420004B482 /* Sources */,
				CC4C680929BA08420004B482 /* Frameworks */,
				CC4C680A29BA08420004B482 /* Resources */,
			);
			buildRules = (
			);
			dependencies = (
			);
			name = AttachmentExampleUIKit;
			packageProductDependencies = (
				CCCC99E829BA0906007BCF05 /* DittoObjC */,
				CCCC99EA29BA0906007BCF05 /* DittoSwift */,
			);
			productName = AttachmentExampleUIKit;
			productReference = CC4C680C29BA08420004B482 /* AttachmentExampleUIKit.app */;
			productType = "com.apple.product-type.application";
		};
/* End PBXNativeTarget section */

/* Begin PBXProject section */
		CC4C680429BA08420004B482 /* Project object */ = {
			isa = PBXProject;
			attributes = {
				BuildIndependentTargetsInParallel = 1;
				LastSwiftUpdateCheck = 1420;
				LastUpgradeCheck = 1420;
				TargetAttributes = {
					CC4C680B29BA08420004B482 = {
						CreatedOnToolsVersion = 14.2;
					};
				};
			};
			buildConfigurationList = CC4C680729BA08420004B482 /* Build configuration list for PBXProject "AttachmentExampleUIKit" */;
			compatibilityVersion = "Xcode 14.0";
			developmentRegion = en;
			hasScannedForEncodings = 0;
			knownRegions = (
				en,
				Base,
			);
			mainGroup = CC4C680329BA08420004B482;
			packageReferences = (
				CCCC99E729BA0906007BCF05 /* XCRemoteSwiftPackageReference "DittoSwiftPackage" */,
			);
			productRefGroup = CC4C680D29BA08420004B482 /* Products */;
			projectDirPath = "";
			projectRoot = "";
			targets = (
				CC4C680B29BA08420004B482 /* AttachmentExampleUIKit */,
			);
		};
/* End PBXProject section */

/* Begin PBXResourcesBuildPhase section */
		CC4C680A29BA08420004B482 /* Resources */ = {
			isa = PBXResourcesBuildPhase;
			buildActionMask = 2147483647;
			files = (
				CC4C681C29BA08430004B482 /* LaunchScreen.storyboard in Resources */,
				CC4C681929BA08430004B482 /* Assets.xcassets in Resources */,
				CC4C681729BA08420004B482 /* Main.storyboard in Resources */,
			);
			runOnlyForDeploymentPostprocessing = 0;
		};
/* End PBXResourcesBuildPhase section */

/* Begin PBXSourcesBuildPhase section */
		CC4C680829BA08420004B482 /* Sources */ = {
			isa = PBXSourcesBuildPhase;
			buildActionMask = 2147483647;
			files = (
				CCCC99ED29BA0A75007BCF05 /* DittoManager.swift in Sources */,
				CC4C681429BA08420004B482 /* ViewController.swift in Sources */,
				CCBEB31829C00BEF008BFF77 /* ImageDisplayViewController.swift in Sources */,
				CC4C681029BA08420004B482 /* AppDelegate.swift in Sources */,
				CC4C681229BA08420004B482 /* SceneDelegate.swift in Sources */,
			);
			runOnlyForDeploymentPostprocessing = 0;
		};
/* End PBXSourcesBuildPhase section */

/* Begin PBXVariantGroup section */
		CC4C681529BA08420004B482 /* Main.storyboard */ = {
			isa = PBXVariantGroup;
			children = (
				CC4C681629BA08420004B482 /* Base */,
			);
			name = Main.storyboard;
			sourceTree = "<group>";
		};
		CC4C681A29BA08430004B482 /* LaunchScreen.storyboard */ = {
			isa = PBXVariantGroup;
			children = (
				CC4C681B29BA08430004B482 /* Base */,
			);
			name = LaunchScreen.storyboard;
			sourceTree = "<group>";
		};
/* End PBXVariantGroup section */

/* Begin XCBuildConfiguration section */
		CC4C681E29BA08430004B482 /* Debug */ = {
			isa = XCBuildConfiguration;
			buildSettings = {
				ALWAYS_SEARCH_USER_PATHS = NO;
				CLANG_ANALYZER_NONNULL = YES;
				CLANG_ANALYZER_NUMBER_OBJECT_CONVERSION = YES_AGGRESSIVE;
				CLANG_CXX_LANGUAGE_STANDARD = "gnu++20";
				CLANG_ENABLE_MODULES = YES;
				CLANG_ENABLE_OBJC_ARC = YES;
				CLANG_ENABLE_OBJC_WEAK = YES;
				CLANG_WARN_BLOCK_CAPTURE_AUTORELEASING = YES;
				CLANG_WARN_BOOL_CONVERSION = YES;
				CLANG_WARN_COMMA = YES;
				CLANG_WARN_CONSTANT_CONVERSION = YES;
				CLANG_WARN_DEPRECATED_OBJC_IMPLEMENTATIONS = YES;
				CLANG_WARN_DIRECT_OBJC_ISA_USAGE = YES_ERROR;
				CLANG_WARN_DOCUMENTATION_COMMENTS = YES;
				CLANG_WARN_EMPTY_BODY = YES;
				CLANG_WARN_ENUM_CONVERSION = YES;
				CLANG_WARN_INFINITE_RECURSION = YES;
				CLANG_WARN_INT_CONVERSION = YES;
				CLANG_WARN_NON_LITERAL_NULL_CONVERSION = YES;
				CLANG_WARN_OBJC_IMPLICIT_RETAIN_SELF = YES;
				CLANG_WARN_OBJC_LITERAL_CONVERSION = YES;
				CLANG_WARN_OBJC_ROOT_CLASS = YES_ERROR;
				CLANG_WARN_QUOTED_INCLUDE_IN_FRAMEWORK_HEADER = YES;
				CLANG_WARN_RANGE_LOOP_ANALYSIS = YES;
				CLANG_WARN_STRICT_PROTOTYPES = YES;
				CLANG_WARN_SUSPICIOUS_MOVE = YES;
				CLANG_WARN_UNGUARDED_AVAILABILITY = YES_AGGRESSIVE;
				CLANG_WARN_UNREACHABLE_CODE = YES;
				CLANG_WARN__DUPLICATE_METHOD_MATCH = YES;
				COPY_PHASE_STRIP = NO;
				DEBUG_INFORMATION_FORMAT = dwarf;
				ENABLE_STRICT_OBJC_MSGSEND = YES;
				ENABLE_TESTABILITY = YES;
				GCC_C_LANGUAGE_STANDARD = gnu11;
				GCC_DYNAMIC_NO_PIC = NO;
				GCC_NO_COMMON_BLOCKS = YES;
				GCC_OPTIMIZATION_LEVEL = 0;
				GCC_PREPROCESSOR_DEFINITIONS = (
					"DEBUG=1",
					"$(inherited)",
				);
				GCC_WARN_64_TO_32_BIT_CONVERSION = YES;
				GCC_WARN_ABOUT_RETURN_TYPE = YES_ERROR;
				GCC_WARN_UNDECLARED_SELECTOR = YES;
				GCC_WARN_UNINITIALIZED_AUTOS = YES_AGGRESSIVE;
				GCC_WARN_UNUSED_FUNCTION = YES;
				GCC_WARN_UNUSED_VARIABLE = YES;
				IPHONEOS_DEPLOYMENT_TARGET = 15.0;
				MTL_ENABLE_DEBUG_INFO = INCLUDE_SOURCE;
				MTL_FAST_MATH = YES;
				ONLY_ACTIVE_ARCH = YES;
				SDKROOT = iphoneos;
				SWIFT_ACTIVE_COMPILATION_CONDITIONS = DEBUG;
				SWIFT_OPTIMIZATION_LEVEL = "-Onone";
			};
			name = Debug;
		};
		CC4C681F29BA08430004B482 /* Release */ = {
			isa = XCBuildConfiguration;
			buildSettings = {
				ALWAYS_SEARCH_USER_PATHS = NO;
				CLANG_ANALYZER_NONNULL = YES;
				CLANG_ANALYZER_NUMBER_OBJECT_CONVERSION = YES_AGGRESSIVE;
				CLANG_CXX_LANGUAGE_STANDARD = "gnu++20";
				CLANG_ENABLE_MODULES = YES;
				CLANG_ENABLE_OBJC_ARC = YES;
				CLANG_ENABLE_OBJC_WEAK = YES;
				CLANG_WARN_BLOCK_CAPTURE_AUTORELEASING = YES;
				CLANG_WARN_BOOL_CONVERSION = YES;
				CLANG_WARN_COMMA = YES;
				CLANG_WARN_CONSTANT_CONVERSION = YES;
				CLANG_WARN_DEPRECATED_OBJC_IMPLEMENTATIONS = YES;
				CLANG_WARN_DIRECT_OBJC_ISA_USAGE = YES_ERROR;
				CLANG_WARN_DOCUMENTATION_COMMENTS = YES;
				CLANG_WARN_EMPTY_BODY = YES;
				CLANG_WARN_ENUM_CONVERSION = YES;
				CLANG_WARN_INFINITE_RECURSION = YES;
				CLANG_WARN_INT_CONVERSION = YES;
				CLANG_WARN_NON_LITERAL_NULL_CONVERSION = YES;
				CLANG_WARN_OBJC_IMPLICIT_RETAIN_SELF = YES;
				CLANG_WARN_OBJC_LITERAL_CONVERSION = YES;
				CLANG_WARN_OBJC_ROOT_CLASS = YES_ERROR;
				CLANG_WARN_QUOTED_INCLUDE_IN_FRAMEWORK_HEADER = YES;
				CLANG_WARN_RANGE_LOOP_ANALYSIS = YES;
				CLANG_WARN_STRICT_PROTOTYPES = YES;
				CLANG_WARN_SUSPICIOUS_MOVE = YES;
				CLANG_WARN_UNGUARDED_AVAILABILITY = YES_AGGRESSIVE;
				CLANG_WARN_UNREACHABLE_CODE = YES;
				CLANG_WARN__DUPLICATE_METHOD_MATCH = YES;
				COPY_PHASE_STRIP = NO;
				DEBUG_INFORMATION_FORMAT = "dwarf-with-dsym";
				ENABLE_NS_ASSERTIONS = NO;
				ENABLE_STRICT_OBJC_MSGSEND = YES;
				GCC_C_LANGUAGE_STANDARD = gnu11;
				GCC_NO_COMMON_BLOCKS = YES;
				GCC_WARN_64_TO_32_BIT_CONVERSION = YES;
				GCC_WARN_ABOUT_RETURN_TYPE = YES_ERROR;
				GCC_WARN_UNDECLARED_SELECTOR = YES;
				GCC_WARN_UNINITIALIZED_AUTOS = YES_AGGRESSIVE;
				GCC_WARN_UNUSED_FUNCTION = YES;
				GCC_WARN_UNUSED_VARIABLE = YES;
				IPHONEOS_DEPLOYMENT_TARGET = 15.0;
				MTL_ENABLE_DEBUG_INFO = NO;
				MTL_FAST_MATH = YES;
				SDKROOT = iphoneos;
				SWIFT_COMPILATION_MODE = wholemodule;
				SWIFT_OPTIMIZATION_LEVEL = "-O";
				VALIDATE_PRODUCT = YES;
			};
			name = Release;
		};
		CC4C682129BA08430004B482 /* Debug */ = {
			isa = XCBuildConfiguration;
			buildSettings = {
				ASSETCATALOG_COMPILER_APPICON_NAME = AppIcon;
				ASSETCATALOG_COMPILER_GLOBAL_ACCENT_COLOR_NAME = AccentColor;
				CODE_SIGN_STYLE = Automatic;
				CURRENT_PROJECT_VERSION = 1;
				DEVELOPMENT_TEAM = 3T2VMFZPPQ;
				GENERATE_INFOPLIST_FILE = YES;
				INFOPLIST_FILE = AttachmentExampleUIKit/Info.plist;
				INFOPLIST_KEY_UIApplicationSupportsIndirectInputEvents = YES;
				INFOPLIST_KEY_UILaunchStoryboardName = LaunchScreen;
				INFOPLIST_KEY_UIMainStoryboardFile = Main;
				INFOPLIST_KEY_UISupportedInterfaceOrientations_iPad = "UIInterfaceOrientationPortrait UIInterfaceOrientationPortraitUpsideDown UIInterfaceOrientationLandscapeLeft UIInterfaceOrientationLandscapeRight";
				INFOPLIST_KEY_UISupportedInterfaceOrientations_iPhone = "UIInterfaceOrientationPortrait UIInterfaceOrientationLandscapeLeft UIInterfaceOrientationLandscapeRight";
				IPHONEOS_DEPLOYMENT_TARGET = 15.0;
				LD_RUNPATH_SEARCH_PATHS = (
					"$(inherited)",
					"@executable_path/Frameworks",
				);
				MARKETING_VERSION = 1.0;
				PRODUCT_BUNDLE_IDENTIFIER = live.ditto.AttachmentExampleUIKit;
				PRODUCT_NAME = "$(TARGET_NAME)";
				SWIFT_EMIT_LOC_STRINGS = YES;
				SWIFT_VERSION = 5.0;
				TARGETED_DEVICE_FAMILY = "1,2";
			};
			name = Debug;
		};
		CC4C682229BA08430004B482 /* Release */ = {
			isa = XCBuildConfiguration;
			buildSettings = {
				ASSETCATALOG_COMPILER_APPICON_NAME = AppIcon;
				ASSETCATALOG_COMPILER_GLOBAL_ACCENT_COLOR_NAME = AccentColor;
				CODE_SIGN_STYLE = Automatic;
				CURRENT_PROJECT_VERSION = 1;
				DEVELOPMENT_TEAM = 3T2VMFZPPQ;
				GENERATE_INFOPLIST_FILE = YES;
				INFOPLIST_FILE = AttachmentExampleUIKit/Info.plist;
				INFOPLIST_KEY_UIApplicationSupportsIndirectInputEvents = YES;
				INFOPLIST_KEY_UILaunchStoryboardName = LaunchScreen;
				INFOPLIST_KEY_UIMainStoryboardFile = Main;
				INFOPLIST_KEY_UISupportedInterfaceOrientations_iPad = "UIInterfaceOrientationPortrait UIInterfaceOrientationPortraitUpsideDown UIInterfaceOrientationLandscapeLeft UIInterfaceOrientationLandscapeRight";
				INFOPLIST_KEY_UISupportedInterfaceOrientations_iPhone = "UIInterfaceOrientationPortrait UIInterfaceOrientationLandscapeLeft UIInterfaceOrientationLandscapeRight";
				IPHONEOS_DEPLOYMENT_TARGET = 15.0;
				LD_RUNPATH_SEARCH_PATHS = (
					"$(inherited)",
					"@executable_path/Frameworks",
				);
				MARKETING_VERSION = 1.0;
				PRODUCT_BUNDLE_IDENTIFIER = live.ditto.AttachmentExampleUIKit;
				PRODUCT_NAME = "$(TARGET_NAME)";
				SWIFT_EMIT_LOC_STRINGS = YES;
				SWIFT_VERSION = 5.0;
				TARGETED_DEVICE_FAMILY = "1,2";
			};
			name = Release;
		};
/* End XCBuildConfiguration section */

/* Begin XCConfigurationList section */
		CC4C680729BA08420004B482 /* Build configuration list for PBXProject "AttachmentExampleUIKit" */ = {
			isa = XCConfigurationList;
			buildConfigurations = (
				CC4C681E29BA08430004B482 /* Debug */,
				CC4C681F29BA08430004B482 /* Release */,
			);
			defaultConfigurationIsVisible = 0;
			defaultConfigurationName = Release;
		};
		CC4C682029BA08430004B482 /* Build configuration list for PBXNativeTarget "AttachmentExampleUIKit" */ = {
			isa = XCConfigurationList;
			buildConfigurations = (
				CC4C682129BA08430004B482 /* Debug */,
				CC4C682229BA08430004B482 /* Release */,
			);
			defaultConfigurationIsVisible = 0;
			defaultConfigurationName = Release;
		};
/* End XCConfigurationList section */

/* Begin XCRemoteSwiftPackageReference section */
		CCCC99E729BA0906007BCF05 /* XCRemoteSwiftPackageReference "DittoSwiftPackage" */ = {
			isa = XCRemoteSwiftPackageReference;
			repositoryURL = "https://github.com/getditto/DittoSwiftPackage";
			requirement = {
				kind = exactVersion;
				version = 3.0.5;
			};
		};
/* End XCRemoteSwiftPackageReference section */

/* Begin XCSwiftPackageProductDependency section */
		CCCC99E829BA0906007BCF05 /* DittoObjC */ = {
			isa = XCSwiftPackageProductDependency;
			package = CCCC99E729BA0906007BCF05 /* XCRemoteSwiftPackageReference "DittoSwiftPackage" */;
			productName = DittoObjC;
		};
		CCCC99EA29BA0906007BCF05 /* DittoSwift */ = {
			isa = XCSwiftPackageProductDependency;
			package = CCCC99E729BA0906007BCF05 /* XCRemoteSwiftPackageReference "DittoSwiftPackage" */;
			productName = DittoSwift;
		};
/* End XCSwiftPackageProductDependency section */
	};
	rootObject = CC4C680429BA08420004B482 /* Project object */;
}
